{
  "name": "orchestray",
  "version": "2.3.28",
  "lockfileVersion": 3,
  "requires": true,
  "packages": {
    "": {
      "name": "orchestray",
      "version": "2.3.28",
      "license": "MIT",
      "dependencies": {
        "web-tree-sitter": "0.26.8",
        "zod": "^4.4.1"
      },
      "bin": {
        "orchestray": "bin/install.js"
      },
      "engines": {
        "node": ">=20.0.0"
      }
    },
    "node_modules/web-tree-sitter": {
      "version": "0.26.8",
      "resolved": "https://registry.npmjs.org/web-tree-sitter/-/web-tree-sitter-0.26.8.tgz",
      "integrity": "sha512-4sUwi7ZyOrIk5KLgYLkc2A/F0LFMQnBhfb+2Cdl7ik4ePJ6JD+fk4ofI2sA5eGawBKBaK4Vntt7Ww5KcEsay4A==",
      "license": "MIT"
    },
    "node_modules/zod": {
      "version": "4.4.1",
      "resolved": "https://registry.npmjs.org/zod/-/zod-4.4.1.tgz",
      "integrity": "sha512-a6ENMBBGZBsnlSebQ/eKCguSBeGKSf4O7BPnqVPmYGtpBYI7VSqoVqw+QcB7kPRjbqPwhYTpFbVj/RqNz/CT0Q==",
      "license": "MIT",
      "funding": {
        "url": "https://github.com/sponsors/colinhacks"
      }
    }
  }
}
